{
  "name": "WebGL",
  "lockfileVersion": 2,
  "requires": true,
  "packages": {
    "": {
      "dependencies": {
        "@splinetool/loader": "^0.9.210",
        "three": "^0.149.0"
      }
    },
    "node_modules/@splinetool/loader": {
      "version": "0.9.210",
      "resolved": "https://registry.npmjs.org/@splinetool/loader/-/loader-0.9.210.tgz",
      "integrity": "sha512-vV2kwVICrBrMpGCnGk2VHePwbXZ/6Wsj7zxIdxlDoDlJlqYD+x7DEoKel48ZbfZuDdzPjYq4ldynpCiXDjva6g==",
      "peerDependencies": {
        "three": ">=0.133.0"
      }
    },
    "node_modules/three": {
      "version": "0.149.0",
      "resolved": "https://registry.npmjs.org/three/-/three-0.149.0.tgz",
      "integrity": "sha512-tohpUxPDht0qExRLDTM8sjRLc5d9STURNrdnK3w9A+V4pxaTBfKWWT/IqtiLfg23Vfc3Z+ImNfvRw1/0CtxrkQ=="
    }
  },
  "dependencies": {
    "@splinetool/loader": {
      "version": "0.9.210",
      "resolved": "https://registry.npmjs.org/@splinetool/loader/-/loader-0.9.210.tgz",
      "integrity": "sha512-vV2kwVICrBrMpGCnGk2VHePwbXZ/6Wsj7zxIdxlDoDlJlqYD+x7DEoKel48ZbfZuDdzPjYq4ldynpCiXDjva6g==",
      "requires": {}
    },
    "three": {
      "version": "0.149.0",
      "resolved": "https://registry.npmjs.org/three/-/three-0.149.0.tgz",
      "integrity": "sha512-tohpUxPDht0qExRLDTM8sjRLc5d9STURNrdnK3w9A+V4pxaTBfKWWT/IqtiLfg23Vfc3Z+ImNfvRw1/0CtxrkQ=="
    }
  }
}
